
Microsoft Visual Studio Solution File, Format Version 12.00
# Visual Studio 14
VisualStudioVersion = 14.0.25420.1
MinimumVisualStudioVersion = 10.0.40219.1
Project("{FAE04EC0-301F-11D3-BF4B-00C04F79EFBC}") = "Permutation", "Permutation\Permutation.csproj", "{CCE65283-C055-440E-B2E8-0D232120F95E}"
EndProject
Global
	GlobalSection(SolutionConfigurationPlatforms) = preSolution
		Debug|Any CPU = Debug|Any CPU
		Release|Any CPU = Release|Any CPU
	EndGlobalSection
	GlobalSection(ProjectConfigurationPlatforms) = postSolution
		{CCE65283-C055-440E-B2E8-0D232120F95E}.Debug|Any CPU.ActiveCfg = Debug|Any CPU
		{CCE65283-C055-440E-B2E8-0D232120F95E}.Debug|Any CPU.Build.0 = Debug|Any CPU
		{CCE65283-C055-440E-B2E8-0D232120F95E}.Release|Any CPU.ActiveCfg = Release|Any CPU
		{CCE65283-C055-440E-B2E8-0D232120F95E}.Release|Any CPU.Build.0 = Release|Any CPU
	EndGlobalSection
	GlobalSection(SolutionProperties) = preSolution
		HideSolutionNode = FALSE
	EndGlobalSection
EndGlobal
